// !$*UTF8*$!
{
	archiveVersion = 1;
	classes = {
	};
	objectVersion = 50;
	objects = {

/* Begin PBXBuildFile section */
		7511A9AF265CA292007D9ECD /* AppDelegate.swift in Sources */ = {isa = PBXBuildFile; fileRef = 7511A9AE265CA292007D9ECD /* AppDelegate.swift */; };
		7511A9B1265CA292007D9ECD /* SceneDelegate.swift in Sources */ = {isa = PBXBuildFile; fileRef = 7511A9B0265CA292007D9ECD /* SceneDelegate.swift */; };
		7511A9B3265CA292007D9ECD /* ViewController.swift in Sources */ = {isa = PBXBuildFile; fileRef = 7511A9B2265CA292007D9ECD /* ViewController.swift */; };
		7511A9B6265CA292007D9ECD /* Main.storyboard in Resources */ = {isa = PBXBuildFile; fileRef = 7511A9B4265CA292007D9ECD /* Main.storyboard */; };
		7511A9B9265CA292007D9ECD /* iOS_Spotify.xcdatamodeld in Sources */ = {isa = PBXBuildFile; fileRef = 7511A9B7265CA292007D9ECD /* iOS_Spotify.xcdatamodeld */; };
		7511A9BB265CA294007D9ECD /* Assets.xcassets in Resources */ = {isa = PBXBuildFile; fileRef = 7511A9BA265CA294007D9ECD /* Assets.xcassets */; };
		7511A9BE265CA294007D9ECD /* LaunchScreen.storyboard in Resources */ = {isa = PBXBuildFile; fileRef = 7511A9BC265CA294007D9ECD /* LaunchScreen.storyboard */; };
		7511A9C9265CA294007D9ECD /* iOS_SpotifyTests.swift in Sources */ = {isa = PBXBuildFile; fileRef = 7511A9C8265CA294007D9ECD /* iOS_SpotifyTests.swift */; };
		7511A9D4265CA294007D9ECD /* iOS_SpotifyUITests.swift in Sources */ = {isa = PBXBuildFile; fileRef = 7511A9D3265CA294007D9ECD /* iOS_SpotifyUITests.swift */; };
/* End PBXBuildFile section */

/* Begin PBXContainerItemProxy section */
		7511A9C5265CA294007D9ECD /* PBXContainerItemProxy */ = {
			isa = PBXContainerItemProxy;
			containerPortal = 7511A9A3265CA292007D9ECD /* Project object */;
			proxyType = 1;
			remoteGlobalIDString = 7511A9AA265CA292007D9ECD;
			remoteInfo = "iOS-Spotify";
		};
		7511A9D0265CA294007D9ECD /* PBXContainerItemProxy */ = {
			isa = PBXContainerItemProxy;
			containerPortal = 7511A9A3265CA292007D9ECD /* Project object */;
			proxyType = 1;
			remoteGlobalIDString = 7511A9AA265CA292007D9ECD;
			remoteInfo = "iOS-Spotify";
		};
/* End PBXContainerItemProxy section */

/* Begin PBXFileReference section */
		7511A9AB265CA292007D9ECD /* iOS-Spotify.app */ = {isa = PBXFileReference; explicitFileType = wrapper.application; includeInIndex = 0; path = "iOS-Spotify.app"; sourceTree = BUILT_PRODUCTS_DIR; };
		7511A9AE265CA292007D9ECD /* AppDelegate.swift */ = {isa = PBXFileReference; lastKnownFileType = sourcecode.swift; path = AppDelegate.swift; sourceTree = "<group>"; };
		7511A9B0265CA292007D9ECD /* SceneDelegate.swift */ = {isa = PBXFileReference; lastKnownFileType = sourcecode.swift; path = SceneDelegate.swift; sourceTree = "<group>"; };
		7511A9B2265CA292007D9ECD /* ViewController.swift */ = {isa = PBXFileReference; lastKnownFileType = sourcecode.swift; path = ViewController.swift; sourceTree = "<group>"; };
		7511A9B5265CA292007D9ECD /* Base */ = {isa = PBXFileReference; lastKnownFileType = file.storyboard; name = Base; path = Base.lproj/Main.storyboard; sourceTree = "<group>"; };
		7511A9B8265CA292007D9ECD /* iOS_Spotify.xcdatamodel */ = {isa = PBXFileReference; lastKnownFileType = wrapper.xcdatamodel; path = iOS_Spotify.xcdatamodel; sourceTree = "<group>"; };
		7511A9BA265CA294007D9ECD /* Assets.xcassets */ = {isa = PBXFileReference; lastKnownFileType = folder.assetcatalog; path = Assets.xcassets; sourceTree = "<group>"; };
		7511A9BD265CA294007D9ECD /* Base */ = {isa = PBXFileReference; lastKnownFileType = file.storyboard; name = Base; path = Base.lproj/LaunchScreen.storyboard; sourceTree = "<group>"; };
		7511A9BF265CA294007D9ECD /* Info.plist */ = {isa = PBXFileReference; lastKnownFileType = text.plist.xml; path = Info.plist; sourceTree = "<group>"; };
		7511A9C4265CA294007D9ECD /* iOS-SpotifyTests.xctest */ = {isa = PBXFileReference; explicitFileType = wrapper.cfbundle; includeInIndex = 0; path = "iOS-SpotifyTests.xctest"; sourceTree = BUILT_PRODUCTS_DIR; };
		7511A9C8265CA294007D9ECD /* iOS_SpotifyTests.swift */ = {isa = PBXFileReference; lastKnownFileType = sourcecode.swift; path = iOS_SpotifyTests.swift; sourceTree = "<group>"; };
		7511A9CA265CA294007D9ECD /* Info.plist */ = {isa = PBXFileReference; lastKnownFileType = text.plist.xml; path = Info.plist; sourceTree = "<group>"; };
		7511A9CF265CA294007D9ECD /* iOS-SpotifyUITests.xctest */ = {isa = PBXFileReference; explicitFileType = wrapper.cfbundle; includeInIndex = 0; path = "iOS-SpotifyUITests.xctest"; sourceTree = BUILT_PRODUCTS_DIR; };
		7511A9D3265CA294007D9ECD /* iOS_SpotifyUITests.swift */ = {isa = PBXFileReference; lastKnownFileType = sourcecode.swift; path = iOS_SpotifyUITests.swift; sourceTree = "<group>"; };
		7511A9D5265CA294007D9ECD /* Info.plist */ = {isa = PBXFileReference; lastKnownFileType = text.plist.xml; path = Info.plist; sourceTree = "<group>"; };
/* End PBXFileReference section */

/* Begin PBXFrameworksBuildPhase section */
		7511A9A8265CA292007D9ECD /* Frameworks */ = {
			isa = PBXFrameworksBuildPhase;
			buildActionMask = 2147483647;
			files = (
			);
			runOnlyForDeploymentPostprocessing = 0;
		};
		7511A9C1265CA294007D9ECD /* Frameworks */ = {
			isa = PBXFrameworksBuildPhase;
			buildActionMask = 2147483647;
			files = (
			);
			runOnlyForDeploymentPostprocessing = 0;
		};
		7511A9CC265CA294007D9ECD /* Frameworks */ = {
			isa = PBXFrameworksBuildPhase;
			buildActionMask = 2147483647;
			files = (
			);
			runOnlyForDeploymentPostprocessing = 0;
		};
/* End PBXFrameworksBuildPhase section */

/* Begin PBXGroup section */
		7511A9A2265CA292007D9ECD = {
			isa = PBXGroup;
			children = (
				7511A9AD265CA292007D9ECD /* iOS-Spotify */,
				7511A9C7265CA294007D9ECD /* iOS-SpotifyTests */,
				7511A9D2265CA294007D9ECD /* iOS-SpotifyUITests */,
				7511A9AC265CA292007D9ECD /* Products */,
			);
			sourceTree = "<group>";
		};
		7511A9AC265CA292007D9ECD /* Products */ = {
			isa = PBXGroup;
			children = (
				7511A9AB265CA292007D9ECD /* iOS-Spotify.app */,
				7511A9C4265CA294007D9ECD /* iOS-SpotifyTests.xctest */,
				7511A9CF265CA294007D9ECD /* iOS-SpotifyUITests.xctest */,
			);
			name = Products;
			sourceTree = "<group>";
		};
		7511A9AD265CA292007D9ECD /* iOS-Spotify */ = {
			isa = PBXGroup;
			children = (
				7511A9AE265CA292007D9ECD /* AppDelegate.swift */,
				7511A9B0265CA292007D9ECD /* SceneDelegate.swift */,
				7511A9B2265CA292007D9ECD /* ViewController.swift */,
				7511A9B4265CA292007D9ECD /* Main.storyboard */,
				7511A9BA265CA294007D9ECD /* Assets.xcassets */,
				7511A9BC265CA294007D9ECD /* LaunchScreen.storyboard */,
				7511A9BF265CA294007D9ECD /* Info.plist */,
				7511A9B7265CA292007D9ECD /* iOS_Spotify.xcdatamodeld */,
			);
			path = "iOS-Spotify";
			sourceTree = "<group>";
		};
		7511A9C7265CA294007D9ECD /* iOS-SpotifyTests */ = {
			isa = PBXGroup;
			children = (
				7511A9C8265CA294007D9ECD /* iOS_SpotifyTests.swift */,
				7511A9CA265CA294007D9ECD /* Info.plist */,
			);
			path = "iOS-SpotifyTests";
			sourceTree = "<group>";
		};
		7511A9D2265CA294007D9ECD /* iOS-SpotifyUITests */ = {
			isa = PBXGroup;
			children = (
				7511A9D3265CA294007D9ECD /* iOS_SpotifyUITests.swift */,
				7511A9D5265CA294007D9ECD /* Info.plist */,
			);
			path = "iOS-SpotifyUITests";
			sourceTree = "<group>";
		};
/* End PBXGroup section */

/* Begin PBXNativeTarget section */
		7511A9AA265CA292007D9ECD /* iOS-Spotify */ = {
			isa = PBXNativeTarget;
			buildConfigurationList = 7511A9D8265CA294007D9ECD /* Build configuration list for PBXNativeTarget "iOS-Spotify" */;
			buildPhases = (
				7511A9A7265CA292007D9ECD /* Sources */,
				7511A9A8265CA292007D9ECD /* Frameworks */,
				7511A9A9265CA292007D9ECD /* Resources */,
			);
			buildRules = (
			);
			dependencies = (
			);
			name = "iOS-Spotify";
			productName = "iOS-Spotify";
			productReference = 7511A9AB265CA292007D9ECD /* iOS-Spotify.app */;
			productType = "com.apple.product-type.application";
		};
		7511A9C3265CA294007D9ECD /* iOS-SpotifyTests */ = {
			isa = PBXNativeTarget;
			buildConfigurationList = 7511A9DB265CA294007D9ECD /* Build configuration list for PBXNativeTarget "iOS-SpotifyTests" */;
			buildPhases = (
				7511A9C0265CA294007D9ECD /* Sources */,
				7511A9C1265CA294007D9ECD /* Frameworks */,
				7511A9C2265CA294007D9ECD /* Resources */,
			);
			buildRules = (
			);
			dependencies = (
				7511A9C6265CA294007D9ECD /* PBXTargetDependency */,
			);
			name = "iOS-SpotifyTests";
			productName = "iOS-SpotifyTests";
			productReference = 7511A9C4265CA294007D9ECD /* iOS-SpotifyTests.xctest */;
			productType = "com.apple.product-type.bundle.unit-test";
		};
		7511A9CE265CA294007D9ECD /* iOS-SpotifyUITests */ = {
			isa = PBXNativeTarget;
			buildConfigurationList = 7511A9DE265CA294007D9ECD /* Build configuration list for PBXNativeTarget "iOS-SpotifyUITests" */;
			buildPhases = (
				7511A9CB265CA294007D9ECD /* Sources */,
				7511A9CC265CA294007D9ECD /* Frameworks */,
				7511A9CD265CA294007D9ECD /* Resources */,
			);
			buildRules = (
			);
			dependencies = (
				7511A9D1265CA294007D9ECD /* PBXTargetDependency */,
			);
			name = "iOS-SpotifyUITests";
			productName = "iOS-SpotifyUITests";
			productReference = 7511A9CF265CA294007D9ECD /* iOS-SpotifyUITests.xctest */;
			productType = "com.apple.product-type.bundle.ui-testing";
		};
/* End PBXNativeTarget section */

/* Begin PBXProject section */
		7511A9A3265CA292007D9ECD /* Project object */ = {
			isa = PBXProject;
			attributes = {
				LastSwiftUpdateCheck = 1240;
				LastUpgradeCheck = 1240;
				TargetAttributes = {
					7511A9AA265CA292007D9ECD = {
						CreatedOnToolsVersion = 12.4;
					};
					7511A9C3265CA294007D9ECD = {
						CreatedOnToolsVersion = 12.4;
						TestTargetID = 7511A9AA265CA292007D9ECD;
					};
					7511A9CE265CA294007D9ECD = {
						CreatedOnToolsVersion = 12.4;
						TestTargetID = 7511A9AA265CA292007D9ECD;
					};
				};
			};
			buildConfigurationList = 7511A9A6265CA292007D9ECD /* Build configuration list for PBXProject "iOS-Spotify" */;
			compatibilityVersion = "Xcode 9.3";
			developmentRegion = en;
			hasScannedForEncodings = 0;
			knownRegions = (
				en,
				Base,
			);
			mainGroup = 7511A9A2265CA292007D9ECD;
			productRefGroup = 7511A9AC265CA292007D9ECD /* Products */;
			projectDirPath = "";
			projectRoot = "";
			targets = (
				7511A9AA265CA292007D9ECD /* iOS-Spotify */,
				7511A9C3265CA294007D9ECD /* iOS-SpotifyTests */,
				7511A9CE265CA294007D9ECD /* iOS-SpotifyUITests */,
			);
		};
/* End PBXProject section */

/* Begin PBXResourcesBuildPhase section */
		7511A9A9265CA292007D9ECD /* Resources */ = {
			isa = PBXResourcesBuildPhase;
			buildActionMask = 2147483647;
			files = (
				7511A9BE265CA294007D9ECD /* LaunchScreen.storyboard in Resources */,
				7511A9BB265CA294007D9ECD /* Assets.xcassets in Resources */,
				7511A9B6265CA292007D9ECD /* Main.storyboard in Resources */,
			);
			runOnlyForDeploymentPostprocessing = 0;
		};
		7511A9C2265CA294007D9ECD /* Resources */ = {
			isa = PBXResourcesBuildPhase;
			buildActionMask = 2147483647;
			files = (
			);
			runOnlyForDeploymentPostprocessing = 0;
		};
		7511A9CD265CA294007D9ECD /* Resources */ = {
			isa = PBXResourcesBuildPhase;
			buildActionMask = 2147483647;
			files = (
			);
			runOnlyForDeploymentPostprocessing = 0;
		};
/* End PBXResourcesBuildPhase section */

/* Begin PBXSourcesBuildPhase section */
		7511A9A7265CA292007D9ECD /* Sources */ = {
			isa = PBXSourcesBuildPhase;
			buildActionMask = 2147483647;
			files = (
				7511A9B9265CA292007D9ECD /* iOS_Spotify.xcdatamodeld in Sources */,
				7511A9B3265CA292007D9ECD /* ViewController.swift in Sources */,
				7511A9AF265CA292007D9ECD /* AppDelegate.swift in Sources */,
				7511A9B1265CA292007D9ECD /* SceneDelegate.swift in Sources */,
			);
			runOnlyForDeploymentPostprocessing = 0;
		};
		7511A9C0265CA294007D9ECD /* Sources */ = {
			isa = PBXSourcesBuildPhase;
			buildActionMask = 2147483647;
			files = (
				7511A9C9265CA294007D9ECD /* iOS_SpotifyTests.swift in Sources */,
			);
			runOnlyForDeploymentPostprocessing = 0;
		};
		7511A9CB265CA294007D9ECD /* Sources */ = {
			isa = PBXSourcesBuildPhase;
			buildActionMask = 2147483647;
			files = (
				7511A9D4265CA294007D9ECD /* iOS_SpotifyUITests.swift in Sources */,
			);
			runOnlyForDeploymentPostprocessing = 0;
		};
/* End PBXSourcesBuildPhase section */

/* Begin PBXTargetDependency section */
		7511A9C6265CA294007D9ECD /* PBXTargetDependency */ = {
			isa = PBXTargetDependency;
			target = 7511A9AA265CA292007D9ECD /* iOS-Spotify */;
			targetProxy = 7511A9C5265CA294007D9ECD /* PBXContainerItemProxy */;
		};
		7511A9D1265CA294007D9ECD /* PBXTargetDependency */ = {
			isa = PBXTargetDependency;
			target = 7511A9AA265CA292007D9ECD /* iOS-Spotify */;
			targetProxy = 7511A9D0265CA294007D9ECD /* PBXContainerItemProxy */;
		};
/* End PBXTargetDependency section */

/* Begin PBXVariantGroup section */
		7511A9B4265CA292007D9ECD /* Main.storyboard */ = {
			isa = PBXVariantGroup;
			children = (
				7511A9B5265CA292007D9ECD /* Base */,
			);
			name = Main.storyboard;
			sourceTree = "<group>";
		};
		7511A9BC265CA294007D9ECD /* LaunchScreen.storyboard */ = {
			isa = PBXVariantGroup;
			children = (
				7511A9BD265CA294007D9ECD /* Base */,
			);
			name = LaunchScreen.storyboard;
			sourceTree = "<group>";
		};
/* End PBXVariantGroup section */

/* Begin XCBuildConfiguration section */
		7511A9D6265CA294007D9ECD /* Debug */ = {
			isa = XCBuildConfiguration;
			buildSettings = {
				ALWAYS_SEARCH_USER_PATHS = NO;
				CLANG_ANALYZER_NONNULL = YES;
				CLANG_ANALYZER_NUMBER_OBJECT_CONVERSION = YES_AGGRESSIVE;
				CLANG_CXX_LANGUAGE_STANDARD = "gnu++14";
				CLANG_CXX_LIBRARY = "libc++";
				CLANG_ENABLE_MODULES = YES;
				CLANG_ENABLE_OBJC_ARC = YES;
				CLANG_ENABLE_OBJC_WEAK = YES;
				CLANG_WARN_BLOCK_CAPTURE_AUTORELEASING = YES;
				CLANG_WARN_BOOL_CONVERSION = YES;
				CLANG_WARN_COMMA = YES;
				CLANG_WARN_CONSTANT_CONVERSION = YES;
				CLANG_WARN_DEPRECATED_OBJC_IMPLEMENTATIONS = YES;
				CLANG_WARN_DIRECT_OBJC_ISA_USAGE = YES_ERROR;
				CLANG_WARN_DOCUMENTATION_COMMENTS = YES;
				CLANG_WARN_EMPTY_BODY = YES;
				CLANG_WARN_ENUM_CONVERSION = YES;
				CLANG_WARN_INFINITE_RECURSION = YES;
				CLANG_WARN_INT_CONVERSION = YES;
				CLANG_WARN_NON_LITERAL_NULL_CONVERSION = YES;
				CLANG_WARN_OBJC_IMPLICIT_RETAIN_SELF = YES;
				CLANG_WARN_OBJC_LITERAL_CONVERSION = YES;
				CLANG_WARN_OBJC_ROOT_CLASS = YES_ERROR;
				CLANG_WARN_QUOTED_INCLUDE_IN_FRAMEWORK_HEADER = YES;
				CLANG_WARN_RANGE_LOOP_ANALYSIS = YES;
				CLANG_WARN_STRICT_PROTOTYPES = YES;
				CLANG_WARN_SUSPICIOUS_MOVE = YES;
				CLANG_WARN_UNGUARDED_AVAILABILITY = YES_AGGRESSIVE;
				CLANG_WARN_UNREACHABLE_CODE = YES;
				CLANG_WARN__DUPLICATE_METHOD_MATCH = YES;
				COPY_PHASE_STRIP = NO;
				DEBUG_INFORMATION_FORMAT = dwarf;
				ENABLE_STRICT_OBJC_MSGSEND = YES;
				ENABLE_TESTABILITY = YES;
				GCC_C_LANGUAGE_STANDARD = gnu11;
				GCC_DYNAMIC_NO_PIC = NO;
				GCC_NO_COMMON_BLOCKS = YES;
				GCC_OPTIMIZATION_LEVEL = 0;
				GCC_PREPROCESSOR_DEFINITIONS = (
					"DEBUG=1",
					"$(inherited)",
				);
				GCC_WARN_64_TO_32_BIT_CONVERSION = YES;
				GCC_WARN_ABOUT_RETURN_TYPE = YES_ERROR;
				GCC_WARN_UNDECLARED_SELECTOR = YES;
				GCC_WARN_UNINITIALIZED_AUTOS = YES_AGGRESSIVE;
				GCC_WARN_UNUSED_FUNCTION = YES;
				GCC_WARN_UNUSED_VARIABLE = YES;
				IPHONEOS_DEPLOYMENT_TARGET = 14.4;
				MTL_ENABLE_DEBUG_INFO = INCLUDE_SOURCE;
				MTL_FAST_MATH = YES;
				ONLY_ACTIVE_ARCH = YES;
				SDKROOT = iphoneos;
				SWIFT_ACTIVE_COMPILATION_CONDITIONS = DEBUG;
				SWIFT_OPTIMIZATION_LEVEL = "-Onone";
			};
			name = Debug;
		};
		7511A9D7265CA294007D9ECD /* Release */ = {
			isa = XCBuildConfiguration;
			buildSettings = {
				ALWAYS_SEARCH_USER_PATHS = NO;
				CLANG_ANALYZER_NONNULL = YES;
				CLANG_ANALYZER_NUMBER_OBJECT_CONVERSION = YES_AGGRESSIVE;
				CLANG_CXX_LANGUAGE_STANDARD = "gnu++14";
				CLANG_CXX_LIBRARY = "libc++";
				CLANG_ENABLE_MODULES = YES;
				CLANG_ENABLE_OBJC_ARC = YES;
				CLANG_ENABLE_OBJC_WEAK = YES;
				CLANG_WARN_BLOCK_CAPTURE_AUTORELEASING = YES;
				CLANG_WARN_BOOL_CONVERSION = YES;
				CLANG_WARN_COMMA = YES;
				CLANG_WARN_CONSTANT_CONVERSION = YES;
				CLANG_WARN_DEPRECATED_OBJC_IMPLEMENTATIONS = YES;
				CLANG_WARN_DIRECT_OBJC_ISA_USAGE = YES_ERROR;
				CLANG_WARN_DOCUMENTATION_COMMENTS = YES;
				CLANG_WARN_EMPTY_BODY = YES;
				CLANG_WARN_ENUM_CONVERSION = YES;
				CLANG_WARN_INFINITE_RECURSION = YES;
				CLANG_WARN_INT_CONVERSION = YES;
				CLANG_WARN_NON_LITERAL_NULL_CONVERSION = YES;
				CLANG_WARN_OBJC_IMPLICIT_RETAIN_SELF = YES;
				CLANG_WARN_OBJC_LITERAL_CONVERSION = YES;
				CLANG_WARN_OBJC_ROOT_CLASS = YES_ERROR;
				CLANG_WARN_QUOTED_INCLUDE_IN_FRAMEWORK_HEADER = YES;
				CLANG_WARN_RANGE_LOOP_ANALYSIS = YES;
				CLANG_WARN_STRICT_PROTOTYPES = YES;
				CLANG_WARN_SUSPICIOUS_MOVE = YES;
				CLANG_WARN_UNGUARDED_AVAILABILITY = YES_AGGRESSIVE;
				CLANG_WARN_UNREACHABLE_CODE = YES;
				CLANG_WARN__DUPLICATE_METHOD_MATCH = YES;
				COPY_PHASE_STRIP = NO;
				DEBUG_INFORMATION_FORMAT = "dwarf-with-dsym";
				ENABLE_NS_ASSERTIONS = NO;
				ENABLE_STRICT_OBJC_MSGSEND = YES;
				GCC_C_LANGUAGE_STANDARD = gnu11;
				GCC_NO_COMMON_BLOCKS = YES;
				GCC_WARN_64_TO_32_BIT_CONVERSION = YES;
				GCC_WARN_ABOUT_RETURN_TYPE = YES_ERROR;
				GCC_WARN_UNDECLARED_SELECTOR = YES;
				GCC_WARN_UNINITIALIZED_AUTOS = YES_AGGRESSIVE;
				GCC_WARN_UNUSED_FUNCTION = YES;
				GCC_WARN_UNUSED_VARIABLE = YES;
				IPHONEOS_DEPLOYMENT_TARGET = 14.4;
				MTL_ENABLE_DEBUG_INFO = NO;
				MTL_FAST_MATH = YES;
				SDKROOT = iphoneos;
				SWIFT_COMPILATION_MODE = wholemodule;
				SWIFT_OPTIMIZATION_LEVEL = "-O";
				VALIDATE_PRODUCT = YES;
			};
			name = Release;
		};
		7511A9D9265CA294007D9ECD /* Debug */ = {
			isa = XCBuildConfiguration;
			buildSettings = {
				ASSETCATALOG_COMPILER_APPICON_NAME = AppIcon;
				ASSETCATALOG_COMPILER_GLOBAL_ACCENT_COLOR_NAME = AccentColor;
				CODE_SIGN_STYLE = Automatic;
				INFOPLIST_FILE = "iOS-Spotify/Info.plist";
				LD_RUNPATH_SEARCH_PATHS = (
					"$(inherited)",
					"@executable_path/Frameworks",
				);
				PRODUCT_BUNDLE_IDENTIFIER = "ignatiojulian.iOS-Spotify";
				PRODUCT_NAME = "$(TARGET_NAME)";
				SWIFT_VERSION = 5.0;
				TARGETED_DEVICE_FAMILY = "1,2";
			};
			name = Debug;
		};
		7511A9DA265CA294007D9ECD /* Release */ = {
			isa = XCBuildConfiguration;
			buildSettings = {
				ASSETCATALOG_COMPILER_APPICON_NAME = AppIcon;
				ASSETCATALOG_COMPILER_GLOBAL_ACCENT_COLOR_NAME = AccentColor;
				CODE_SIGN_STYLE = Automatic;
				INFOPLIST_FILE = "iOS-Spotify/Info.plist";
				LD_RUNPATH_SEARCH_PATHS = (
					"$(inherited)",
					"@executable_path/Frameworks",
				);
				PRODUCT_BUNDLE_IDENTIFIER = "ignatiojulian.iOS-Spotify";
				PRODUCT_NAME = "$(TARGET_NAME)";
				SWIFT_VERSION = 5.0;
				TARGETED_DEVICE_FAMILY = "1,2";
			};
			name = Release;
		};
		7511A9DC265CA294007D9ECD /* Debug */ = {
			isa = XCBuildConfiguration;
			buildSettings = {
				ALWAYS_EMBED_SWIFT_STANDARD_LIBRARIES = YES;
				BUNDLE_LOADER = "$(TEST_HOST)";
				CODE_SIGN_STYLE = Automatic;
				INFOPLIST_FILE = "iOS-SpotifyTests/Info.plist";
				IPHONEOS_DEPLOYMENT_TARGET = 14.4;
				LD_RUNPATH_SEARCH_PATHS = (
					"$(inherited)",
					"@executable_path/Frameworks",
					"@loader_path/Frameworks",
				);
				PRODUCT_BUNDLE_IDENTIFIER = "ignatiojulian.iOS-SpotifyTests";
				PRODUCT_NAME = "$(TARGET_NAME)";
				SWIFT_VERSION = 5.0;
				TARGETED_DEVICE_FAMILY = "1,2";
				TEST_HOST = "$(BUILT_PRODUCTS_DIR)/iOS-Spotify.app/iOS-Spotify";
			};
			name = Debug;
		};
		7511A9DD265CA294007D9ECD /* Release */ = {
			isa = XCBuildConfiguration;
			buildSettings = {
				ALWAYS_EMBED_SWIFT_STANDARD_LIBRARIES = YES;
				BUNDLE_LOADER = "$(TEST_HOST)";
				CODE_SIGN_STYLE = Automatic;
				INFOPLIST_FILE = "iOS-SpotifyTests/Info.plist";
				IPHONEOS_DEPLOYMENT_TARGET = 14.4;
				LD_RUNPATH_SEARCH_PATHS = (
					"$(inherited)",
					"@executable_path/Frameworks",
					"@loader_path/Frameworks",
				);
				PRODUCT_BUNDLE_IDENTIFIER = "ignatiojulian.iOS-SpotifyTests";
				PRODUCT_NAME = "$(TARGET_NAME)";
				SWIFT_VERSION = 5.0;
				TARGETED_DEVICE_FAMILY = "1,2";
				TEST_HOST = "$(BUILT_PRODUCTS_DIR)/iOS-Spotify.app/iOS-Spotify";
			};
			name = Release;
		};
		7511A9DF265CA294007D9ECD /* Debug */ = {
			isa = XCBuildConfiguration;
			buildSettings = {
				ALWAYS_EMBED_SWIFT_STANDARD_LIBRARIES = YES;
				CODE_SIGN_STYLE = Automatic;
				INFOPLIST_FILE = "iOS-SpotifyUITests/Info.plist";
				LD_RUNPATH_SEARCH_PATHS = (
					"$(inherited)",
					"@executable_path/Frameworks",
					"@loader_path/Frameworks",
				);
				PRODUCT_BUNDLE_IDENTIFIER = "ignatiojulian.iOS-SpotifyUITests";
				PRODUCT_NAME = "$(TARGET_NAME)";
				SWIFT_VERSION = 5.0;
				TARGETED_DEVICE_FAMILY = "1,2";
				TEST_TARGET_NAME = "iOS-Spotify";
			};
			name = Debug;
		};
		7511A9E0265CA294007D9ECD /* Release */ = {
			isa = XCBuildConfiguration;
			buildSettings = {
				ALWAYS_EMBED_SWIFT_STANDARD_LIBRARIES = YES;
				CODE_SIGN_STYLE = Automatic;
				INFOPLIST_FILE = "iOS-SpotifyUITests/Info.plist";
				LD_RUNPATH_SEARCH_PATHS = (
					"$(inherited)",
					"@executable_path/Frameworks",
					"@loader_path/Frameworks",
				);
				PRODUCT_BUNDLE_IDENTIFIER = "ignatiojulian.iOS-SpotifyUITests";
				PRODUCT_NAME = "$(TARGET_NAME)";
				SWIFT_VERSION = 5.0;
				TARGETED_DEVICE_FAMILY = "1,2";
				TEST_TARGET_NAME = "iOS-Spotify";
			};
			name = Release;
		};
/* End XCBuildConfiguration section */

/* Begin XCConfigurationList section */
		7511A9A6265CA292007D9ECD /* Build configuration list for PBXProject "iOS-Spotify" */ = {
			isa = XCConfigurationList;
			buildConfigurations = (
				7511A9D6265CA294007D9ECD /* Debug */,
				7511A9D7265CA294007D9ECD /* Release */,
			);
			defaultConfigurationIsVisible = 0;
			defaultConfigurationName = Release;
		};
		7511A9D8265CA294007D9ECD /* Build configuration list for PBXNativeTarget "iOS-Spotify" */ = {
			isa = XCConfigurationList;
			buildConfigurations = (
				7511A9D9265CA294007D9ECD /* Debug */,
				7511A9DA265CA294007D9ECD /* Release */,
			);
			defaultConfigurationIsVisible = 0;
			defaultConfigurationName = Release;
		};
		7511A9DB265CA294007D9ECD /* Build configuration list for PBXNativeTarget "iOS-SpotifyTests" */ = {
			isa = XCConfigurationList;
			buildConfigurations = (
				7511A9DC265CA294007D9ECD /* Debug */,
				7511A9DD265CA294007D9ECD /* Release */,
			);
			defaultConfigurationIsVisible = 0;
			defaultConfigurationName = Release;
		};
		7511A9DE265CA294007D9ECD /* Build configuration list for PBXNativeTarget "iOS-SpotifyUITests" */ = {
			isa = XCConfigurationList;
			buildConfigurations = (
				7511A9DF265CA294007D9ECD /* Debug */,
				7511A9E0265CA294007D9ECD /* Release */,
			);
			defaultConfigurationIsVisible = 0;
			defaultConfigurationName = Release;
		};
/* End XCConfigurationList section */

/* Begin XCVersionGroup section */
		7511A9B7265CA292007D9ECD /* iOS_Spotify.xcdatamodeld */ = {
			isa = XCVersionGroup;
			children = (
				7511A9B8265CA292007D9ECD /* iOS_Spotify.xcdatamodel */,
			);
			currentVersion = 7511A9B8265CA292007D9ECD /* iOS_Spotify.xcdatamodel */;
			path = iOS_Spotify.xcdatamodeld;
			sourceTree = "<group>";
			versionGroupType = wrapper.xcdatamodel;
		};
/* End XCVersionGroup section */
	};
	rootObject = 7511A9A3265CA292007D9ECD /* Project object */;
}
